
Microsoft Visual Studio Solution File, Format Version 12.00
# Visual Studio Version 16
VisualStudioVersion = 16.0.31911.196
MinimumVisualStudioVersion = 10.0.40219.1
Project("{FAE04EC0-301F-11D3-BF4B-00C04F79EFBC}") = "TreeCensus.Android", "TreeCensus.Android\TreeCensus.Android.csproj", "{F6A7E9D2-224E-4D9C-B454-50512A6FBDE8}"
EndProject
Project("{FAE04EC0-301F-11D3-BF4B-00C04F79EFBC}") = "TreeCensus", "TreeCensus\TreeCensus.csproj", "{AAFC03DA-F78C-4560-9994-D83BB68CED85}"
EndProject
Global
	GlobalSection(SolutionConfigurationPlatforms) = preSolution
		Debug|Any CPU = Debug|Any CPU
		Release|Any CPU = Release|Any CPU
	EndGlobalSection
	GlobalSection(ProjectConfigurationPlatforms) = postSolution
		{F6A7E9D2-224E-4D9C-B454-50512A6FBDE8}.Debug|Any CPU.ActiveCfg = Debug|Any CPU
		{F6A7E9D2-224E-4D9C-B454-50512A6FBDE8}.Debug|Any CPU.Build.0 = Debug|Any CPU
		{F6A7E9D2-224E-4D9C-B454-50512A6FBDE8}.Debug|Any CPU.Deploy.0 = Debug|Any CPU
		{F6A7E9D2-224E-4D9C-B454-50512A6FBDE8}.Release|Any CPU.ActiveCfg = Release|Any CPU
		{F6A7E9D2-224E-4D9C-B454-50512A6FBDE8}.Release|Any CPU.Build.0 = Release|Any CPU
		{F6A7E9D2-224E-4D9C-B454-50512A6FBDE8}.Release|Any CPU.Deploy.0 = Release|Any CPU
		{AAFC03DA-F78C-4560-9994-D83BB68CED85}.Debug|Any CPU.ActiveCfg = Debug|Any CPU
		{AAFC03DA-F78C-4560-9994-D83BB68CED85}.Debug|Any CPU.Build.0 = Debug|Any CPU
		{AAFC03DA-F78C-4560-9994-D83BB68CED85}.Debug|Any CPU.Deploy.0 = Debug|Any CPU
		{AAFC03DA-F78C-4560-9994-D83BB68CED85}.Release|Any CPU.ActiveCfg = Release|Any CPU
		{AAFC03DA-F78C-4560-9994-D83BB68CED85}.Release|Any CPU.Build.0 = Release|Any CPU
		{AAFC03DA-F78C-4560-9994-D83BB68CED85}.Release|Any CPU.Deploy.0 = Release|Any CPU
	EndGlobalSection
	GlobalSection(SolutionProperties) = preSolution
		HideSolutionNode = FALSE
	EndGlobalSection
	GlobalSection(ExtensibilityGlobals) = postSolution
		SolutionGuid = {4ED66909-7D22-4242-92DF-89629E5F7F5E}
	EndGlobalSection
EndGlobal
